
Microsoft Visual Studio Solution File, Format Version 12.00
# Visual Studio Version 16
VisualStudioVersion = 16.0.31515.178
MinimumVisualStudioVersion = 10.0.40219.1
Project("{FAE04EC0-301F-11D3-BF4B-00C04F79EFBC}") = "Dictionaries", "Dictionaries\Dictionaries.csproj", "{5733FB9A-ACBD-43C9-886B-DFEF7676B6B6}"
EndProject
Global
	GlobalSection(SolutionConfigurationPlatforms) = preSolution
		Debug|Any CPU = Debug|Any CPU
		Release|Any CPU = Release|Any CPU
	EndGlobalSection
	GlobalSection(ProjectConfigurationPlatforms) = postSolution
		{5733FB9A-ACBD-43C9-886B-DFEF7676B6B6}.Debug|Any CPU.ActiveCfg = Debug|Any CPU
		{5733FB9A-ACBD-43C9-886B-DFEF7676B6B6}.Debug|Any CPU.Build.0 = Debug|Any CPU
		{5733FB9A-ACBD-43C9-886B-DFEF7676B6B6}.Release|Any CPU.ActiveCfg = Release|Any CPU
		{5733FB9A-ACBD-43C9-886B-DFEF7676B6B6}.Release|Any CPU.Build.0 = Release|Any CPU
	EndGlobalSection
	GlobalSection(SolutionProperties) = preSolution
		HideSolutionNode = FALSE
	EndGlobalSection
	GlobalSection(ExtensibilityGlobals) = postSolution
		SolutionGuid = {F7DD897E-FC28-4EC6-BFCF-BC259C7041D4}
	EndGlobalSection
EndGlobal
