
Microsoft Visual Studio Solution File, Format Version 12.00
# Visual Studio Version 16
VisualStudioVersion = 16.0.31515.178
MinimumVisualStudioVersion = 10.0.40219.1
Project("{FAE04EC0-301F-11D3-BF4B-00C04F79EFBC}") = "Foreach Challenge", "ArraysIntro\Foreach Challenge.csproj", "{30435BBF-FE21-4B7C-BC85-885217AD77ED}"
EndProject
Global
	GlobalSection(SolutionConfigurationPlatforms) = preSolution
		Debug|Any CPU = Debug|Any CPU
		Release|Any CPU = Release|Any CPU
	EndGlobalSection
	GlobalSection(ProjectConfigurationPlatforms) = postSolution
		{30435BBF-FE21-4B7C-BC85-885217AD77ED}.Debug|Any CPU.ActiveCfg = Debug|Any CPU
		{30435BBF-FE21-4B7C-BC85-885217AD77ED}.Debug|Any CPU.Build.0 = Debug|Any CPU
		{30435BBF-FE21-4B7C-BC85-885217AD77ED}.Release|Any CPU.ActiveCfg = Release|Any CPU
		{30435BBF-FE21-4B7C-BC85-885217AD77ED}.Release|Any CPU.Build.0 = Release|Any CPU
	EndGlobalSection
	GlobalSection(SolutionProperties) = preSolution
		HideSolutionNode = FALSE
	EndGlobalSection
	GlobalSection(ExtensibilityGlobals) = postSolution
		SolutionGuid = {2CF09F67-3641-4918-B0E3-2EE2C8D3FCA3}
	EndGlobalSection
EndGlobal
