
Microsoft Visual Studio Solution File, Format Version 12.00
# Visual Studio Version 16
VisualStudioVersion = 16.0.31515.178
MinimumVisualStudioVersion = 10.0.40219.1
Project("{FAE04EC0-301F-11D3-BF4B-00C04F79EFBC}") = "Queues In Csharp", "Queues In Csharp\Queues In Csharp.csproj", "{15388E56-FB37-4FB1-879D-675FCB5ABF1B}"
EndProject
Global
	GlobalSection(SolutionConfigurationPlatforms) = preSolution
		Debug|Any CPU = Debug|Any CPU
		Release|Any CPU = Release|Any CPU
	EndGlobalSection
	GlobalSection(ProjectConfigurationPlatforms) = postSolution
		{15388E56-FB37-4FB1-879D-675FCB5ABF1B}.Debug|Any CPU.ActiveCfg = Debug|Any CPU
		{15388E56-FB37-4FB1-879D-675FCB5ABF1B}.Debug|Any CPU.Build.0 = Debug|Any CPU
		{15388E56-FB37-4FB1-879D-675FCB5ABF1B}.Release|Any CPU.ActiveCfg = Release|Any CPU
		{15388E56-FB37-4FB1-879D-675FCB5ABF1B}.Release|Any CPU.Build.0 = Release|Any CPU
	EndGlobalSection
	GlobalSection(SolutionProperties) = preSolution
		HideSolutionNode = FALSE
	EndGlobalSection
	GlobalSection(ExtensibilityGlobals) = postSolution
		SolutionGuid = {58C2C70B-AE63-4BC9-AE28-D96217A40909}
	EndGlobalSection
EndGlobal
